// !$*UTF8*$!
{
	archiveVersion = 1;
	classes = {
	};
	objectVersion = 46;
	objects = {

/* Begin PBXBuildFile section */
		B805D8F01AF13A9C00B93666 /* play.png in Resources */ = {isa = PBXBuildFile; fileRef = B805D8EF1AF13A9C00B93666 /* play.png */; };
		B805D8F21AF13ABD00B93666 /* pause.png in Resources */ = {isa = PBXBuildFile; fileRef = B805D8F11AF13ABD00B93666 /* pause.png */; };
		B80D80C01AE6C9AD00F1C632 /* no_image.png in Resources */ = {isa = PBXBuildFile; fileRef = B80D80BF1AE6C9AD00F1C632 /* no_image.png */; };
		B80D80CA1AE6D23400F1C632 /* SlidePaneHeader.xib in Resources */ = {isa = PBXBuildFile; fileRef = B80D80C91AE6D23400F1C632 /* SlidePaneHeader.xib */; };
		B8114F201AEC1E4D0072EFB1 /* menu.png in Resources */ = {isa = PBXBuildFile; fileRef = B8114F1E1AEC1E4D0072EFB1 /* menu.png */; };
		B8114F211AEC1E4D0072EFB1 /* menu@2x.png in Resources */ = {isa = PBXBuildFile; fileRef = B8114F1F1AEC1E4D0072EFB1 /* menu@2x.png */; };
		B817DA8B1AE3B9B5009E4732 /* AlbumsViewController.m in Sources */ = {isa = PBXBuildFile; fileRef = B817DA8A1AE3B9B5009E4732 /* AlbumsViewController.m */; };
		B817DA981AE3C7B4009E4732 /* SongViewCell.m in Sources */ = {isa = PBXBuildFile; fileRef = B817DA961AE3C7B4009E4732 /* SongViewCell.m */; };
		B817DA991AE3C7B4009E4732 /* SongViewCell.xib in Resources */ = {isa = PBXBuildFile; fileRef = B817DA971AE3C7B4009E4732 /* SongViewCell.xib */; };
		B817DAA21AE3FFE2009E4732 /* AlbumCell.m in Sources */ = {isa = PBXBuildFile; fileRef = B817DAA01AE3FFE2009E4732 /* AlbumCell.m */; };
		B817DAA31AE3FFE2009E4732 /* AlbumCell.xib in Resources */ = {isa = PBXBuildFile; fileRef = B817DAA11AE3FFE2009E4732 /* AlbumCell.xib */; };
		B817DAA61AE457D5009E4732 /* MusicPlayerCell.m in Sources */ = {isa = PBXBuildFile; fileRef = B817DAA51AE457D5009E4732 /* MusicPlayerCell.m */; };
		B81999C61AE4E516004375AC /* Utils.m in Sources */ = {isa = PBXBuildFile; fileRef = B81999C51AE4E516004375AC /* Utils.m */; };
		B81CBF031AFA900F00323394 /* libkaac_o.a in Frameworks */ = {isa = PBXBuildFile; fileRef = B81CBF001AFA8F4600323394 /* libkaac_o.a */; };
		B82A72A01AD6784500221CD3 /* MyHouseViewController.m in Sources */ = {isa = PBXBuildFile; fileRef = B82A729F1AD6784500221CD3 /* MyHouseViewController.m */; };
		B82C901A1AD7B7B40079155A /* missing_functionality.m in Sources */ = {isa = PBXBuildFile; fileRef = B82C90191AD7B7B40079155A /* missing_functionality.m */; };
		B82C904D1ADE5C550079155A /* volume_plus.png in Resources */ = {isa = PBXBuildFile; fileRef = B82C90491ADE5C550079155A /* volume_plus.png */; };
		B82C904E1ADE5C550079155A /* volume_plus@2x.png in Resources */ = {isa = PBXBuildFile; fileRef = B82C904A1ADE5C550079155A /* volume_plus@2x.png */; };
		B82C904F1ADE5C550079155A /* volume_minus@2x.png in Resources */ = {isa = PBXBuildFile; fileRef = B82C904B1ADE5C550079155A /* volume_minus@2x.png */; };
		B82C90501ADE5C550079155A /* volume_minus.png in Resources */ = {isa = PBXBuildFile; fileRef = B82C904C1ADE5C550079155A /* volume_minus.png */; };
		B82D75961AD3FA920010EB43 /* KaaController.m in Sources */ = {isa = PBXBuildFile; fileRef = B82D75951AD3FA920010EB43 /* KaaController.m */; };
		B83E0D871AF761E60061E1FB /* profile.png in Resources */ = {isa = PBXBuildFile; fileRef = B83E0D861AF761E60061E1FB /* profile.png */; };
		B8417B851AD1DAB8006D58C4 /* NavigationViewController.m in Sources */ = {isa = PBXBuildFile; fileRef = B8417B841AD1DAB8006D58C4 /* NavigationViewController.m */; };
		B8417B8B1AD1EAC3006D58C4 /* SWRevealViewController.m in Sources */ = {isa = PBXBuildFile; fileRef = B8417B8A1AD1EAC3006D58C4 /* SWRevealViewController.m */; };
		B848EC5B1ACEA43600597B1D /* main.m in Sources */ = {isa = PBXBuildFile; fileRef = B848EC5A1ACEA43600597B1D /* main.m */; };
		B848EC5E1ACEA43600597B1D /* AppDelegate.m in Sources */ = {isa = PBXBuildFile; fileRef = B848EC5D1ACEA43600597B1D /* AppDelegate.m */; };
		B848EC611ACEA43600597B1D /* MusicViewController.m in Sources */ = {isa = PBXBuildFile; fileRef = B848EC601ACEA43600597B1D /* MusicViewController.m */; };
		B848EC661ACEA43600597B1D /* Images.xcassets in Resources */ = {isa = PBXBuildFile; fileRef = B848EC651ACEA43600597B1D /* Images.xcassets */; };
		B848EC691ACEA43600597B1D /* LaunchScreen.xib in Resources */ = {isa = PBXBuildFile; fileRef = B848EC671ACEA43600597B1D /* LaunchScreen.xib */; };
		B848EC751ACEA43600597B1D /* SmartHouseTests.m in Sources */ = {isa = PBXBuildFile; fileRef = B848EC741ACEA43600597B1D /* SmartHouseTests.m */; };
		B86776C71AF0260C00ED2B03 /* PhotoFrameCell.m in Sources */ = {isa = PBXBuildFile; fileRef = B86776C51AF0260C00ED2B03 /* PhotoFrameCell.m */; };
		B86776C81AF0260C00ED2B03 /* PhotoFrameCell.xib in Resources */ = {isa = PBXBuildFile; fileRef = B86776C61AF0260C00ED2B03 /* PhotoFrameCell.xib */; };
		B86776CE1AF02BBC00ED2B03 /* PhotoAlbumCell.m in Sources */ = {isa = PBXBuildFile; fileRef = B86776CC1AF02BBC00ED2B03 /* PhotoAlbumCell.m */; };
		B86776CF1AF02BBC00ED2B03 /* PhotoAlbumCell.xib in Resources */ = {isa = PBXBuildFile; fileRef = B86776CD1AF02BBC00ED2B03 /* PhotoAlbumCell.xib */; };
		B86776D11AF02DE900ED2B03 /* play_white.png in Resources */ = {isa = PBXBuildFile; fileRef = B86776D01AF02DE900ED2B03 /* play_white.png */; };
		B86776D41AF0371500ED2B03 /* PhotoAlbumInfo.m in Sources */ = {isa = PBXBuildFile; fileRef = B86776D31AF0371500ED2B03 /* PhotoAlbumInfo.m */; };
		B86776D71AF03C8D00ED2B03 /* PhotoFrameStatus.m in Sources */ = {isa = PBXBuildFile; fileRef = B86776D61AF03C8D00ED2B03 /* PhotoFrameStatus.m */; };
		B86956F91AFA8BDE002D3519 /* openssl.framework in Frameworks */ = {isa = PBXBuildFile; fileRef = B86956F81AFA8BDD002D3519 /* openssl.framework */; };
		B87B223A1ADE871B00B85803 /* MusicPlayerCell.xib in Resources */ = {isa = PBXBuildFile; fileRef = B87B22391ADE871B00B85803 /* MusicPlayerCell.xib */; };
		B87B223D1ADF951600B85803 /* MusicPlayer.m in Sources */ = {isa = PBXBuildFile; fileRef = B87B223C1ADF951600B85803 /* MusicPlayer.m */; };
		B87B22461AE0F70300B85803 /* Main.storyboard in Resources */ = {isa = PBXBuildFile; fileRef = B87B22441AE0F70300B85803 /* Main.storyboard */; };
		B88BC32A1AE78BCD003C7BBD /* AlbumInfo.m in Sources */ = {isa = PBXBuildFile; fileRef = B88BC3291AE78BCD003C7BBD /* AlbumInfo.m */; };
		B88BC3331AE7904A003C7BBD /* SongInfo.m in Sources */ = {isa = PBXBuildFile; fileRef = B88BC3321AE7904A003C7BBD /* SongInfo.m */; };
		B88BC3361AE7A47A003C7BBD /* PlaybackStatus.m in Sources */ = {isa = PBXBuildFile; fileRef = B88BC3351AE7A47A003C7BBD /* PlaybackStatus.m */; };
		B88BC3491AEA3D03003C7BBD /* MusicDeviceController.m in Sources */ = {isa = PBXBuildFile; fileRef = B88BC3481AEA3D03003C7BBD /* MusicDeviceController.m */; };
		B8905FA71AEFAC12007E87FE /* PhotoDeviceController.m in Sources */ = {isa = PBXBuildFile; fileRef = B8905FA61AEFAC12007E87FE /* PhotoDeviceController.m */; };
		B8912FE11AF187C400FFCAAB /* PhotoAlbumViewController.m in Sources */ = {isa = PBXBuildFile; fileRef = B8912FE01AF187C400FFCAAB /* PhotoAlbumViewController.m */; };
		B8912FF11AF20EB500FFCAAB /* house.png in Resources */ = {isa = PBXBuildFile; fileRef = B8912FE81AF20EB500FFCAAB /* house.png */; };
		B8912FF21AF20EB500FFCAAB /* music_white.png in Resources */ = {isa = PBXBuildFile; fileRef = B8912FE91AF20EB500FFCAAB /* music_white.png */; };
		B8912FF31AF20EB500FFCAAB /* music_white@2x.png in Resources */ = {isa = PBXBuildFile; fileRef = B8912FEA1AF20EB500FFCAAB /* music_white@2x.png */; };
		B8912FF41AF20EB500FFCAAB /* music.png in Resources */ = {isa = PBXBuildFile; fileRef = B8912FEB1AF20EB500FFCAAB /* music.png */; };
		B8912FF51AF20EB500FFCAAB /* music@2x.png in Resources */ = {isa = PBXBuildFile; fileRef = B8912FEC1AF20EB500FFCAAB /* music@2x.png */; };
		B8912FF61AF20EB500FFCAAB /* photo_white.png in Resources */ = {isa = PBXBuildFile; fileRef = B8912FED1AF20EB500FFCAAB /* photo_white.png */; };
		B8912FF71AF20EB500FFCAAB /* photo_white@2x.png in Resources */ = {isa = PBXBuildFile; fileRef = B8912FEE1AF20EB500FFCAAB /* photo_white@2x.png */; };
		B8912FF81AF20EB500FFCAAB /* photo.png in Resources */ = {isa = PBXBuildFile; fileRef = B8912FEF1AF20EB500FFCAAB /* photo.png */; };
		B8912FF91AF20EB500FFCAAB /* photo@2x.png in Resources */ = {isa = PBXBuildFile; fileRef = B8912FF01AF20EB500FFCAAB /* photo@2x.png */; };
		B8912FFB1AF20F1B00FFCAAB /* logout.png in Resources */ = {isa = PBXBuildFile; fileRef = B8912FFA1AF20F1B00FFCAAB /* logout.png */; };
		B8912FFD1AF20F2500FFCAAB /* logout@2x.png in Resources */ = {isa = PBXBuildFile; fileRef = B8912FFC1AF20F2500FFCAAB /* logout@2x.png */; };
		B89130081AF2114600FFCAAB /* settings.png in Resources */ = {isa = PBXBuildFile; fileRef = B89130061AF2114600FFCAAB /* settings.png */; };
		B89130091AF2114600FFCAAB /* settings@2x.png in Resources */ = {isa = PBXBuildFile; fileRef = B89130071AF2114600FFCAAB /* settings@2x.png */; };
		B8A7F3811AD2757A002690CE /* PhotoFrameViewController.m in Sources */ = {isa = PBXBuildFile; fileRef = B8A7F3801AD2757A002690CE /* PhotoFrameViewController.m */; };
		B8C784A11AFA0B3200C38D37 /* AssetsLibrary.framework in Frameworks */ = {isa = PBXBuildFile; fileRef = B8C784A01AFA0B3200C38D37 /* AssetsLibrary.framework */; };
		B8EFBCB01AD54D4F00E490E8 /* LoginViewController.m in Sources */ = {isa = PBXBuildFile; fileRef = B8EFBCAF1AD54D4F00E490E8 /* LoginViewController.m */; };
/* End PBXBuildFile section */

/* Begin PBXContainerItemProxy section */
		B81CBEFD1AFA8F4600323394 /* PBXContainerItemProxy */ = {
			isa = PBXContainerItemProxy;
			containerPortal = B81CBEF41AFA8F4600323394 /* Kaa-c.xcodeproj */;
			proxyType = 2;
			remoteGlobalIDString = 874E5BC42182499EAC84A9CD;
			remoteInfo = kaac;
		};
		B81CBEFF1AFA8F4600323394 /* PBXContainerItemProxy */ = {
			isa = PBXContainerItemProxy;
			containerPortal = B81CBEF41AFA8F4600323394 /* Kaa-c.xcodeproj */;
			proxyType = 2;
			remoteGlobalIDString = 332CF4B5880743B097591772;
			remoteInfo = kaac_o;
		};
		B81CBF011AFA8F4600323394 /* PBXContainerItemProxy */ = {
			isa = PBXContainerItemProxy;
			containerPortal = B81CBEF41AFA8F4600323394 /* Kaa-c.xcodeproj */;
			proxyType = 2;
			remoteGlobalIDString = 238359DC778844CC871A9868;
			remoteInfo = kaac_s;
		};
		B848EC6F1ACEA43600597B1D /* PBXContainerItemProxy */ = {
			isa = PBXContainerItemProxy;
			containerPortal = B848EC4D1ACEA43600597B1D /* Project object */;
			proxyType = 1;
			remoteGlobalIDString = B848EC541ACEA43600597B1D;
			remoteInfo = SmartHouse;
		};
/* End PBXContainerItemProxy section */

/* Begin PBXFileReference section */
		B805D8EF1AF13A9C00B93666 /* play.png */ = {isa = PBXFileReference; lastKnownFileType = image.png; path = play.png; sourceTree = "<group>"; };
		B805D8F11AF13ABD00B93666 /* pause.png */ = {isa = PBXFileReference; lastKnownFileType = image.png; path = pause.png; sourceTree = "<group>"; };
		B80D80BF1AE6C9AD00F1C632 /* no_image.png */ = {isa = PBXFileReference; lastKnownFileType = image.png; path = no_image.png; sourceTree = "<group>"; };
		B80D80C91AE6D23400F1C632 /* SlidePaneHeader.xib */ = {isa = PBXFileReference; fileEncoding = 4; lastKnownFileType = file.xib; path = SlidePaneHeader.xib; sourceTree = "<group>"; };
		B8114F1E1AEC1E4D0072EFB1 /* menu.png */ = {isa = PBXFileReference; lastKnownFileType = image.png; path = menu.png; sourceTree = "<group>"; };
		B8114F1F1AEC1E4D0072EFB1 /* menu@2x.png */ = {isa = PBXFileReference; lastKnownFileType = image.png; path = "menu@2x.png"; sourceTree = "<group>"; };
		B817DA891AE3B9B5009E4732 /* AlbumsViewController.h */ = {isa = PBXFileReference; fileEncoding = 4; lastKnownFileType = sourcecode.c.h; path = AlbumsViewController.h; sourceTree = "<group>"; };
		B817DA8A1AE3B9B5009E4732 /* AlbumsViewController.m */ = {isa = PBXFileReference; fileEncoding = 4; lastKnownFileType = sourcecode.c.objc; path = AlbumsViewController.m; sourceTree = "<group>"; };
		B817DA951AE3C7B4009E4732 /* SongViewCell.h */ = {isa = PBXFileReference; fileEncoding = 4; lastKnownFileType = sourcecode.c.h; path = SongViewCell.h; sourceTree = "<group>"; };
		B817DA961AE3C7B4009E4732 /* SongViewCell.m */ = {isa = PBXFileReference; fileEncoding = 4; lastKnownFileType = sourcecode.c.objc; path = SongViewCell.m; sourceTree = "<group>"; };
		B817DA971AE3C7B4009E4732 /* SongViewCell.xib */ = {isa = PBXFileReference; fileEncoding = 4; lastKnownFileType = file.xib; path = SongViewCell.xib; sourceTree = "<group>"; };
		B817DA9F1AE3FFE2009E4732 /* AlbumCell.h */ = {isa = PBXFileReference; fileEncoding = 4; lastKnownFileType = sourcecode.c.h; path = AlbumCell.h; sourceTree = "<group>"; };
		B817DAA01AE3FFE2009E4732 /* AlbumCell.m */ = {isa = PBXFileReference; fileEncoding = 4; lastKnownFileType = sourcecode.c.objc; path = AlbumCell.m; sourceTree = "<group>"; };
		B817DAA11AE3FFE2009E4732 /* AlbumCell.xib */ = {isa = PBXFileReference; fileEncoding = 4; lastKnownFileType = file.xib; path = AlbumCell.xib; sourceTree = "<group>"; };
		B817DAA41AE457D5009E4732 /* MusicPlayerCell.h */ = {isa = PBXFileReference; fileEncoding = 4; lastKnownFileType = sourcecode.c.h; path = MusicPlayerCell.h; sourceTree = "<group>"; };
		B817DAA51AE457D5009E4732 /* MusicPlayerCell.m */ = {isa = PBXFileReference; fileEncoding = 4; lastKnownFileType = sourcecode.c.objc; path = MusicPlayerCell.m; sourceTree = "<group>"; };
		B81999C41AE4E516004375AC /* Utils.h */ = {isa = PBXFileReference; fileEncoding = 4; lastKnownFileType = sourcecode.c.h; path = Utils.h; sourceTree = "<group>"; };
		B81999C51AE4E516004375AC /* Utils.m */ = {isa = PBXFileReference; fileEncoding = 4; lastKnownFileType = sourcecode.c.objc; path = Utils.m; sourceTree = "<group>"; };
		B81CBEF41AFA8F4600323394 /* Kaa-c.xcodeproj */ = {isa = PBXFileReference; lastKnownFileType = "wrapper.pb-project"; name = "Kaa-c.xcodeproj"; path = "../../../../../../kaa-client-sdk-p1-c1-n1-l1/build/Kaa-c.xcodeproj"; sourceTree = "<group>"; };
		B82A729E1AD6784500221CD3 /* MyHouseViewController.h */ = {isa = PBXFileReference; fileEncoding = 4; lastKnownFileType = sourcecode.c.h; path = MyHouseViewController.h; sourceTree = "<group>"; };
		B82A729F1AD6784500221CD3 /* MyHouseViewController.m */ = {isa = PBXFileReference; fileEncoding = 4; lastKnownFileType = sourcecode.c.objc; path = MyHouseViewController.m; sourceTree = "<group>"; };
		B82C90191AD7B7B40079155A /* missing_functionality.m */ = {isa = PBXFileReference; fileEncoding = 4; lastKnownFileType = sourcecode.c.objc; path = missing_functionality.m; sourceTree = "<group>"; };
		B82C90491ADE5C550079155A /* volume_plus.png */ = {isa = PBXFileReference; lastKnownFileType = image.png; path = volume_plus.png; sourceTree = "<group>"; };
		B82C904A1ADE5C550079155A /* volume_plus@2x.png */ = {isa = PBXFileReference; lastKnownFileType = image.png; path = "volume_plus@2x.png"; sourceTree = "<group>"; };
		B82C904B1ADE5C550079155A /* volume_minus@2x.png */ = {isa = PBXFileReference; lastKnownFileType = image.png; path = "volume_minus@2x.png"; sourceTree = "<group>"; };
		B82C904C1ADE5C550079155A /* volume_minus.png */ = {isa = PBXFileReference; lastKnownFileType = image.png; path = volume_minus.png; sourceTree = "<group>"; };
		B82D75941AD3FA920010EB43 /* KaaController.h */ = {isa = PBXFileReference; fileEncoding = 4; lastKnownFileType = sourcecode.c.h; path = KaaController.h; sourceTree = "<group>"; };
		B82D75951AD3FA920010EB43 /* KaaController.m */ = {isa = PBXFileReference; fileEncoding = 4; lastKnownFileType = sourcecode.c.objc; path = KaaController.m; sourceTree = "<group>"; };
		B83E0D861AF761E60061E1FB /* profile.png */ = {isa = PBXFileReference; lastKnownFileType = image.png; path = profile.png; sourceTree = "<group>"; };
		B8417B831AD1DAB8006D58C4 /* NavigationViewController.h */ = {isa = PBXFileReference; fileEncoding = 4; lastKnownFileType = sourcecode.c.h; path = NavigationViewController.h; sourceTree = "<group>"; };
		B8417B841AD1DAB8006D58C4 /* NavigationViewController.m */ = {isa = PBXFileReference; fileEncoding = 4; lastKnownFileType = sourcecode.c.objc; path = NavigationViewController.m; sourceTree = "<group>"; };
		B8417B891AD1EAC3006D58C4 /* SWRevealViewController.h */ = {isa = PBXFileReference; fileEncoding = 4; lastKnownFileType = sourcecode.c.h; path = SWRevealViewController.h; sourceTree = "<group>"; };
		B8417B8A1AD1EAC3006D58C4 /* SWRevealViewController.m */ = {isa = PBXFileReference; fileEncoding = 4; lastKnownFileType = sourcecode.c.objc; path = SWRevealViewController.m; sourceTree = "<group>"; };
		B848EC551ACEA43600597B1D /* SmartHouse.app */ = {isa = PBXFileReference; explicitFileType = wrapper.application; includeInIndex = 0; path = SmartHouse.app; sourceTree = BUILT_PRODUCTS_DIR; };
		B848EC591ACEA43600597B1D /* Info.plist */ = {isa = PBXFileReference; lastKnownFileType = text.plist.xml; path = Info.plist; sourceTree = "<group>"; };
		B848EC5A1ACEA43600597B1D /* main.m */ = {isa = PBXFileReference; lastKnownFileType = sourcecode.c.objc; path = main.m; sourceTree = "<group>"; };
		B848EC5C1ACEA43600597B1D /* AppDelegate.h */ = {isa = PBXFileReference; lastKnownFileType = sourcecode.c.h; path = AppDelegate.h; sourceTree = "<group>"; };
		B848EC5D1ACEA43600597B1D /* AppDelegate.m */ = {isa = PBXFileReference; lastKnownFileType = sourcecode.c.objc; path = AppDelegate.m; sourceTree = "<group>"; };
		B848EC5F1ACEA43600597B1D /* MusicViewController.h */ = {isa = PBXFileReference; lastKnownFileType = sourcecode.c.h; path = MusicViewController.h; sourceTree = "<group>"; };
		B848EC601ACEA43600597B1D /* MusicViewController.m */ = {isa = PBXFileReference; lastKnownFileType = sourcecode.c.objc; path = MusicViewController.m; sourceTree = "<group>"; };
		B848EC651ACEA43600597B1D /* Images.xcassets */ = {isa = PBXFileReference; lastKnownFileType = folder.assetcatalog; path = Images.xcassets; sourceTree = "<group>"; };
		B848EC681ACEA43600597B1D /* Base */ = {isa = PBXFileReference; lastKnownFileType = file.xib; name = Base; path = Base.lproj/LaunchScreen.xib; sourceTree = "<group>"; };
		B848EC6E1ACEA43600597B1D /* SmartHouseTests.xctest */ = {isa = PBXFileReference; explicitFileType = wrapper.cfbundle; includeInIndex = 0; path = SmartHouseTests.xctest; sourceTree = BUILT_PRODUCTS_DIR; };
		B848EC731ACEA43600597B1D /* Info.plist */ = {isa = PBXFileReference; lastKnownFileType = text.plist.xml; path = Info.plist; sourceTree = "<group>"; };
		B848EC741ACEA43600597B1D /* SmartHouseTests.m */ = {isa = PBXFileReference; lastKnownFileType = sourcecode.c.objc; path = SmartHouseTests.m; sourceTree = "<group>"; };
		B86776C41AF0260C00ED2B03 /* PhotoFrameCell.h */ = {isa = PBXFileReference; fileEncoding = 4; lastKnownFileType = sourcecode.c.h; path = PhotoFrameCell.h; sourceTree = "<group>"; };
		B86776C51AF0260C00ED2B03 /* PhotoFrameCell.m */ = {isa = PBXFileReference; fileEncoding = 4; lastKnownFileType = sourcecode.c.objc; path = PhotoFrameCell.m; sourceTree = "<group>"; };
		B86776C61AF0260C00ED2B03 /* PhotoFrameCell.xib */ = {isa = PBXFileReference; fileEncoding = 4; lastKnownFileType = file.xib; path = PhotoFrameCell.xib; sourceTree = "<group>"; };
		B86776CB1AF02BBC00ED2B03 /* PhotoAlbumCell.h */ = {isa = PBXFileReference; fileEncoding = 4; lastKnownFileType = sourcecode.c.h; path = PhotoAlbumCell.h; sourceTree = "<group>"; };
		B86776CC1AF02BBC00ED2B03 /* PhotoAlbumCell.m */ = {isa = PBXFileReference; fileEncoding = 4; lastKnownFileType = sourcecode.c.objc; path = PhotoAlbumCell.m; sourceTree = "<group>"; };
		B86776CD1AF02BBC00ED2B03 /* PhotoAlbumCell.xib */ = {isa = PBXFileReference; fileEncoding = 4; lastKnownFileType = file.xib; path = PhotoAlbumCell.xib; sourceTree = "<group>"; };
		B86776D01AF02DE900ED2B03 /* play_white.png */ = {isa = PBXFileReference; lastKnownFileType = image.png; path = play_white.png; sourceTree = "<group>"; };
		B86776D21AF0371500ED2B03 /* PhotoAlbumInfo.h */ = {isa = PBXFileReference; fileEncoding = 4; lastKnownFileType = sourcecode.c.h; path = PhotoAlbumInfo.h; sourceTree = "<group>"; };
		B86776D31AF0371500ED2B03 /* PhotoAlbumInfo.m */ = {isa = PBXFileReference; fileEncoding = 4; lastKnownFileType = sourcecode.c.objc; path = PhotoAlbumInfo.m; sourceTree = "<group>"; };
		B86776D51AF03C8D00ED2B03 /* PhotoFrameStatus.h */ = {isa = PBXFileReference; fileEncoding = 4; lastKnownFileType = sourcecode.c.h; path = PhotoFrameStatus.h; sourceTree = "<group>"; };
		B86776D61AF03C8D00ED2B03 /* PhotoFrameStatus.m */ = {isa = PBXFileReference; fileEncoding = 4; lastKnownFileType = sourcecode.c.objc; path = PhotoFrameStatus.m; sourceTree = "<group>"; };
		B86956F81AFA8BDD002D3519 /* openssl.framework */ = {isa = PBXFileReference; lastKnownFileType = wrapper.framework; path = openssl.framework; sourceTree = "<group>"; };
		B87B22391ADE871B00B85803 /* MusicPlayerCell.xib */ = {isa = PBXFileReference; fileEncoding = 4; lastKnownFileType = file.xib; name = MusicPlayerCell.xib; path = ../MusicPlayerCell.xib; sourceTree = "<group>"; };
		B87B223B1ADF951600B85803 /* MusicPlayer.h */ = {isa = PBXFileReference; fileEncoding = 4; lastKnownFileType = sourcecode.c.h; path = MusicPlayer.h; sourceTree = "<group>"; };
		B87B223C1ADF951600B85803 /* MusicPlayer.m */ = {isa = PBXFileReference; fileEncoding = 4; lastKnownFileType = sourcecode.c.objc; path = MusicPlayer.m; sourceTree = "<group>"; };
		B87B22451AE0F70300B85803 /* Base */ = {isa = PBXFileReference; lastKnownFileType = file.storyboard; name = Base; path = Base.lproj/Main.storyboard; sourceTree = "<group>"; };
		B88BC3281AE78BCD003C7BBD /* AlbumInfo.h */ = {isa = PBXFileReference; fileEncoding = 4; lastKnownFileType = sourcecode.c.h; path = AlbumInfo.h; sourceTree = "<group>"; };
		B88BC3291AE78BCD003C7BBD /* AlbumInfo.m */ = {isa = PBXFileReference; fileEncoding = 4; lastKnownFileType = sourcecode.c.objc; path = AlbumInfo.m; sourceTree = "<group>"; };
		B88BC3311AE7904A003C7BBD /* SongInfo.h */ = {isa = PBXFileReference; fileEncoding = 4; lastKnownFileType = sourcecode.c.h; path = SongInfo.h; sourceTree = "<group>"; };
		B88BC3321AE7904A003C7BBD /* SongInfo.m */ = {isa = PBXFileReference; fileEncoding = 4; lastKnownFileType = sourcecode.c.objc; path = SongInfo.m; sourceTree = "<group>"; };
		B88BC3341AE7A47A003C7BBD /* PlaybackStatus.h */ = {isa = PBXFileReference; fileEncoding = 4; lastKnownFileType = sourcecode.c.h; path = PlaybackStatus.h; sourceTree = "<group>"; };
		B88BC3351AE7A47A003C7BBD /* PlaybackStatus.m */ = {isa = PBXFileReference; fileEncoding = 4; lastKnownFileType = sourcecode.c.objc; path = PlaybackStatus.m; sourceTree = "<group>"; };
		B88BC3471AEA3D03003C7BBD /* MusicDeviceController.h */ = {isa = PBXFileReference; fileEncoding = 4; lastKnownFileType = sourcecode.c.h; path = MusicDeviceController.h; sourceTree = "<group>"; };
		B88BC3481AEA3D03003C7BBD /* MusicDeviceController.m */ = {isa = PBXFileReference; fileEncoding = 4; lastKnownFileType = sourcecode.c.objc; path = MusicDeviceController.m; sourceTree = "<group>"; };
		B8905FA51AEFAC12007E87FE /* PhotoDeviceController.h */ = {isa = PBXFileReference; fileEncoding = 4; lastKnownFileType = sourcecode.c.h; path = PhotoDeviceController.h; sourceTree = "<group>"; };
		B8905FA61AEFAC12007E87FE /* PhotoDeviceController.m */ = {isa = PBXFileReference; fileEncoding = 4; lastKnownFileType = sourcecode.c.objc; path = PhotoDeviceController.m; sourceTree = "<group>"; };
		B8912FDF1AF187C400FFCAAB /* PhotoAlbumViewController.h */ = {isa = PBXFileReference; fileEncoding = 4; lastKnownFileType = sourcecode.c.h; path = PhotoAlbumViewController.h; sourceTree = "<group>"; };
		B8912FE01AF187C400FFCAAB /* PhotoAlbumViewController.m */ = {isa = PBXFileReference; fileEncoding = 4; lastKnownFileType = sourcecode.c.objc; path = PhotoAlbumViewController.m; sourceTree = "<group>"; };
		B8912FE81AF20EB500FFCAAB /* house.png */ = {isa = PBXFileReference; lastKnownFileType = image.png; path = house.png; sourceTree = "<group>"; };
		B8912FE91AF20EB500FFCAAB /* music_white.png */ = {isa = PBXFileReference; lastKnownFileType = image.png; path = music_white.png; sourceTree = "<group>"; };
		B8912FEA1AF20EB500FFCAAB /* music_white@2x.png */ = {isa = PBXFileReference; lastKnownFileType = image.png; path = "music_white@2x.png"; sourceTree = "<group>"; };
		B8912FEB1AF20EB500FFCAAB /* music.png */ = {isa = PBXFileReference; lastKnownFileType = image.png; path = music.png; sourceTree = "<group>"; };
		B8912FEC1AF20EB500FFCAAB /* music@2x.png */ = {isa = PBXFileReference; lastKnownFileType = image.png; path = "music@2x.png"; sourceTree = "<group>"; };
		B8912FED1AF20EB500FFCAAB /* photo_white.png */ = {isa = PBXFileReference; lastKnownFileType = image.png; path = photo_white.png; sourceTree = "<group>"; };
		B8912FEE1AF20EB500FFCAAB /* photo_white@2x.png */ = {isa = PBXFileReference; lastKnownFileType = image.png; path = "photo_white@2x.png"; sourceTree = "<group>"; };
		B8912FEF1AF20EB500FFCAAB /* photo.png */ = {isa = PBXFileReference; lastKnownFileType = image.png; path = photo.png; sourceTree = "<group>"; };
		B8912FF01AF20EB500FFCAAB /* photo@2x.png */ = {isa = PBXFileReference; lastKnownFileType = image.png; path = "photo@2x.png"; sourceTree = "<group>"; };
		B8912FFA1AF20F1B00FFCAAB /* logout.png */ = {isa = PBXFileReference; lastKnownFileType = image.png; path = logout.png; sourceTree = "<group>"; };
		B8912FFC1AF20F2500FFCAAB /* logout@2x.png */ = {isa = PBXFileReference; lastKnownFileType = image.png; path = "logout@2x.png"; sourceTree = "<group>"; };
		B89130061AF2114600FFCAAB /* settings.png */ = {isa = PBXFileReference; lastKnownFileType = image.png; path = settings.png; sourceTree = "<group>"; };
		B89130071AF2114600FFCAAB /* settings@2x.png */ = {isa = PBXFileReference; lastKnownFileType = image.png; path = "settings@2x.png"; sourceTree = "<group>"; };
		B8A7F37F1AD2757A002690CE /* PhotoFrameViewController.h */ = {isa = PBXFileReference; fileEncoding = 4; lastKnownFileType = sourcecode.c.h; path = PhotoFrameViewController.h; sourceTree = "<group>"; };
		B8A7F3801AD2757A002690CE /* PhotoFrameViewController.m */ = {isa = PBXFileReference; fileEncoding = 4; lastKnownFileType = sourcecode.c.objc; path = PhotoFrameViewController.m; sourceTree = "<group>"; };
		B8C784A01AFA0B3200C38D37 /* AssetsLibrary.framework */ = {isa = PBXFileReference; lastKnownFileType = wrapper.framework; name = AssetsLibrary.framework; path = System/Library/Frameworks/AssetsLibrary.framework; sourceTree = SDKROOT; };
		B8EFBCAE1AD54D4F00E490E8 /* LoginViewController.h */ = {isa = PBXFileReference; fileEncoding = 4; lastKnownFileType = sourcecode.c.h; path = LoginViewController.h; sourceTree = "<group>"; };
		B8EFBCAF1AD54D4F00E490E8 /* LoginViewController.m */ = {isa = PBXFileReference; fileEncoding = 4; lastKnownFileType = sourcecode.c.objc; path = LoginViewController.m; sourceTree = "<group>"; };
/* End PBXFileReference section */

/* Begin PBXFrameworksBuildPhase section */
		B848EC521ACEA43600597B1D /* Frameworks */ = {
			isa = PBXFrameworksBuildPhase;
			buildActionMask = 2147483647;
			files = (
				B81CBF031AFA900F00323394 /* libkaac_o.a in Frameworks */,
				B86956F91AFA8BDE002D3519 /* openssl.framework in Frameworks */,
				B8C784A11AFA0B3200C38D37 /* AssetsLibrary.framework in Frameworks */,
			);
			runOnlyForDeploymentPostprocessing = 0;
		};
		B848EC6B1ACEA43600597B1D /* Frameworks */ = {
			isa = PBXFrameworksBuildPhase;
			buildActionMask = 2147483647;
			files = (
			);
			runOnlyForDeploymentPostprocessing = 0;
		};
/* End PBXFrameworksBuildPhase section */

/* Begin PBXGroup section */
		B81CBEF51AFA8F4600323394 /* Products */ = {
			isa = PBXGroup;
			children = (
				B81CBEFE1AFA8F4600323394 /* libkaac.dylib */,
				B81CBF001AFA8F4600323394 /* libkaac_o.a */,
				B81CBF021AFA8F4600323394 /* libkaac_s.a */,
			);
			name = Products;
			sourceTree = "<group>";
		};
		B848EC4C1ACEA43600597B1D = {
			isa = PBXGroup;
			children = (
				B81CBEF41AFA8F4600323394 /* Kaa-c.xcodeproj */,
				B86956F81AFA8BDD002D3519 /* openssl.framework */,
				B8C784A01AFA0B3200C38D37 /* AssetsLibrary.framework */,
				B848EC571ACEA43600597B1D /* SmartHouse */,
				B848EC711ACEA43600597B1D /* SmartHouseTests */,
				B848EC561ACEA43600597B1D /* Products */,
			);
			sourceTree = "<group>";
		};
		B848EC561ACEA43600597B1D /* Products */ = {
			isa = PBXGroup;
			children = (
				B848EC551ACEA43600597B1D /* SmartHouse.app */,
				B848EC6E1ACEA43600597B1D /* SmartHouseTests.xctest */,
			);
			name = Products;
			sourceTree = "<group>";
		};
		B848EC571ACEA43600597B1D /* SmartHouse */ = {
			isa = PBXGroup;
			children = (
				B8905FA41AEFABA8007E87FE /* PhotoPlayer */,
				B87B224E1AE1110400B85803 /* MusicPlayer */,
				B82A729E1AD6784500221CD3 /* MyHouseViewController.h */,
				B82A729F1AD6784500221CD3 /* MyHouseViewController.m */,
				B8417B831AD1DAB8006D58C4 /* NavigationViewController.h */,
				B8417B841AD1DAB8006D58C4 /* NavigationViewController.m */,
				B8EFBCAE1AD54D4F00E490E8 /* LoginViewController.h */,
				B8EFBCAF1AD54D4F00E490E8 /* LoginViewController.m */,
				B848EC5C1ACEA43600597B1D /* AppDelegate.h */,
				B848EC5D1ACEA43600597B1D /* AppDelegate.m */,
				B82D75941AD3FA920010EB43 /* KaaController.h */,
				B82D75951AD3FA920010EB43 /* KaaController.m */,
				B82C90191AD7B7B40079155A /* missing_functionality.m */,
				B81999C41AE4E516004375AC /* Utils.h */,
				B81999C51AE4E516004375AC /* Utils.m */,
				B848EC651ACEA43600597B1D /* Images.xcassets */,
				B87B22441AE0F70300B85803 /* Main.storyboard */,
				B848EC671ACEA43600597B1D /* LaunchScreen.xib */,
				B80D80C91AE6D23400F1C632 /* SlidePaneHeader.xib */,
				B848EC581ACEA43600597B1D /* Supporting Files */,
			);
			path = SmartHouse;
			sourceTree = "<group>";
		};
		B848EC581ACEA43600597B1D /* Supporting Files */ = {
			isa = PBXGroup;
			children = (
				B83E0D861AF761E60061E1FB /* profile.png */,
				B89130061AF2114600FFCAAB /* settings.png */,
				B89130071AF2114600FFCAAB /* settings@2x.png */,
				B8912FFC1AF20F2500FFCAAB /* logout@2x.png */,
				B8912FFA1AF20F1B00FFCAAB /* logout.png */,
				B8912FE81AF20EB500FFCAAB /* house.png */,
				B8912FE91AF20EB500FFCAAB /* music_white.png */,
				B8912FEA1AF20EB500FFCAAB /* music_white@2x.png */,
				B8912FEB1AF20EB500FFCAAB /* music.png */,
				B8912FEC1AF20EB500FFCAAB /* music@2x.png */,
				B8912FED1AF20EB500FFCAAB /* photo_white.png */,
				B8912FEE1AF20EB500FFCAAB /* photo_white@2x.png */,
				B8912FEF1AF20EB500FFCAAB /* photo.png */,
				B8912FF01AF20EB500FFCAAB /* photo@2x.png */,
				B805D8F11AF13ABD00B93666 /* pause.png */,
				B86776D01AF02DE900ED2B03 /* play_white.png */,
				B8114F1E1AEC1E4D0072EFB1 /* menu.png */,
				B8114F1F1AEC1E4D0072EFB1 /* menu@2x.png */,
				B805D8EF1AF13A9C00B93666 /* play.png */,
				B80D80BF1AE6C9AD00F1C632 /* no_image.png */,
				B82C90491ADE5C550079155A /* volume_plus.png */,
				B82C904A1ADE5C550079155A /* volume_plus@2x.png */,
				B82C904B1ADE5C550079155A /* volume_minus@2x.png */,
				B82C904C1ADE5C550079155A /* volume_minus.png */,
				B8417B891AD1EAC3006D58C4 /* SWRevealViewController.h */,
				B8417B8A1AD1EAC3006D58C4 /* SWRevealViewController.m */,
				B848EC591ACEA43600597B1D /* Info.plist */,
				B848EC5A1ACEA43600597B1D /* main.m */,
			);
			name = "Supporting Files";
			sourceTree = "<group>";
		};
		B848EC711ACEA43600597B1D /* SmartHouseTests */ = {
			isa = PBXGroup;
			children = (
				B848EC741ACEA43600597B1D /* SmartHouseTests.m */,
				B848EC721ACEA43600597B1D /* Supporting Files */,
			);
			path = SmartHouseTests;
			sourceTree = "<group>";
		};
		B848EC721ACEA43600597B1D /* Supporting Files */ = {
			isa = PBXGroup;
			children = (
				B848EC731ACEA43600597B1D /* Info.plist */,
			);
			name = "Supporting Files";
			sourceTree = "<group>";
		};
		B86776BD1AF0258E00ED2B03 /* model */ = {
			isa = PBXGroup;
			children = (
				B86776C41AF0260C00ED2B03 /* PhotoFrameCell.h */,
				B86776C51AF0260C00ED2B03 /* PhotoFrameCell.m */,
				B86776C61AF0260C00ED2B03 /* PhotoFrameCell.xib */,
				B86776CB1AF02BBC00ED2B03 /* PhotoAlbumCell.h */,
				B86776CC1AF02BBC00ED2B03 /* PhotoAlbumCell.m */,
				B86776CD1AF02BBC00ED2B03 /* PhotoAlbumCell.xib */,
				B86776D21AF0371500ED2B03 /* PhotoAlbumInfo.h */,
				B86776D31AF0371500ED2B03 /* PhotoAlbumInfo.m */,
				B86776D51AF03C8D00ED2B03 /* PhotoFrameStatus.h */,
				B86776D61AF03C8D00ED2B03 /* PhotoFrameStatus.m */,
			);
			name = model;
			sourceTree = "<group>";
		};
		B87B224E1AE1110400B85803 /* MusicPlayer */ = {
			isa = PBXGroup;
			children = (
				B88BC3401AEA3CB0003C7BBD /* model */,
				B848EC5F1ACEA43600597B1D /* MusicViewController.h */,
				B848EC601ACEA43600597B1D /* MusicViewController.m */,
				B817DA891AE3B9B5009E4732 /* AlbumsViewController.h */,
				B817DA8A1AE3B9B5009E4732 /* AlbumsViewController.m */,
				B87B223B1ADF951600B85803 /* MusicPlayer.h */,
				B87B223C1ADF951600B85803 /* MusicPlayer.m */,
				B88BC3471AEA3D03003C7BBD /* MusicDeviceController.h */,
				B88BC3481AEA3D03003C7BBD /* MusicDeviceController.m */,
			);
			name = MusicPlayer;
			sourceTree = "<group>";
		};
		B88BC3401AEA3CB0003C7BBD /* model */ = {
			isa = PBXGroup;
			children = (
				B817DAA41AE457D5009E4732 /* MusicPlayerCell.h */,
				B817DAA51AE457D5009E4732 /* MusicPlayerCell.m */,
				B87B22391ADE871B00B85803 /* MusicPlayerCell.xib */,
				B817DA9F1AE3FFE2009E4732 /* AlbumCell.h */,
				B817DAA01AE3FFE2009E4732 /* AlbumCell.m */,
				B817DAA11AE3FFE2009E4732 /* AlbumCell.xib */,
				B817DA951AE3C7B4009E4732 /* SongViewCell.h */,
				B817DA961AE3C7B4009E4732 /* SongViewCell.m */,
				B817DA971AE3C7B4009E4732 /* SongViewCell.xib */,
				B88BC3281AE78BCD003C7BBD /* AlbumInfo.h */,
				B88BC3291AE78BCD003C7BBD /* AlbumInfo.m */,
				B88BC3311AE7904A003C7BBD /* SongInfo.h */,
				B88BC3321AE7904A003C7BBD /* SongInfo.m */,
				B88BC3341AE7A47A003C7BBD /* PlaybackStatus.h */,
				B88BC3351AE7A47A003C7BBD /* PlaybackStatus.m */,
			);
			name = model;
			sourceTree = "<group>";
		};
		B8905FA41AEFABA8007E87FE /* PhotoPlayer */ = {
			isa = PBXGroup;
			children = (
				B86776BD1AF0258E00ED2B03 /* model */,
				B8A7F37F1AD2757A002690CE /* PhotoFrameViewController.h */,
				B8A7F3801AD2757A002690CE /* PhotoFrameViewController.m */,
				B8912FDF1AF187C400FFCAAB /* PhotoAlbumViewController.h */,
				B8912FE01AF187C400FFCAAB /* PhotoAlbumViewController.m */,
				B8905FA51AEFAC12007E87FE /* PhotoDeviceController.h */,
				B8905FA61AEFAC12007E87FE /* PhotoDeviceController.m */,
			);
			name = PhotoPlayer;
			sourceTree = "<group>";
		};
/* End PBXGroup section */

/* Begin PBXNativeTarget section */
		B848EC541ACEA43600597B1D /* SmartHouse */ = {
			isa = PBXNativeTarget;
			buildConfigurationList = B848EC781ACEA43600597B1D /* Build configuration list for PBXNativeTarget "SmartHouse" */;
			buildPhases = (
				B848EC511ACEA43600597B1D /* Sources */,
				B848EC521ACEA43600597B1D /* Frameworks */,
				B848EC531ACEA43600597B1D /* Resources */,
			);
			buildRules = (
			);
			dependencies = (
			);
			name = SmartHouse;
			productName = SmartHouse;
			productReference = B848EC551ACEA43600597B1D /* SmartHouse.app */;
			productType = "com.apple.product-type.application";
		};
		B848EC6D1ACEA43600597B1D /* SmartHouseTests */ = {
			isa = PBXNativeTarget;
			buildConfigurationList = B848EC7B1ACEA43600597B1D /* Build configuration list for PBXNativeTarget "SmartHouseTests" */;
			buildPhases = (
				B848EC6A1ACEA43600597B1D /* Sources */,
				B848EC6B1ACEA43600597B1D /* Frameworks */,
				B848EC6C1ACEA43600597B1D /* Resources */,
			);
			buildRules = (
			);
			dependencies = (
				B848EC701ACEA43600597B1D /* PBXTargetDependency */,
			);
			name = SmartHouseTests;
			productName = SmartHouseTests;
			productReference = B848EC6E1ACEA43600597B1D /* SmartHouseTests.xctest */;
			productType = "com.apple.product-type.bundle.unit-test";
		};
/* End PBXNativeTarget section */

/* Begin PBXProject section */
		B848EC4D1ACEA43600597B1D /* Project object */ = {
			isa = PBXProject;
			attributes = {
				LastUpgradeCheck = 0620;
				ORGANIZATIONNAME = "CYBERVISION INC";
				TargetAttributes = {
					B848EC541ACEA43600597B1D = {
						CreatedOnToolsVersion = 6.2;
						DevelopmentTeam = TVMFX8XPT9;
					};
					B848EC6D1ACEA43600597B1D = {
						CreatedOnToolsVersion = 6.2;
						TestTargetID = B848EC541ACEA43600597B1D;
					};
				};
			};
			buildConfigurationList = B848EC501ACEA43600597B1D /* Build configuration list for PBXProject "SmartHouse" */;
			compatibilityVersion = "Xcode 3.2";
			developmentRegion = English;
			hasScannedForEncodings = 0;
			knownRegions = (
				en,
				Base,
			);
			mainGroup = B848EC4C1ACEA43600597B1D;
			productRefGroup = B848EC561ACEA43600597B1D /* Products */;
			projectDirPath = "";
			projectReferences = (
				{
					ProductGroup = B81CBEF51AFA8F4600323394 /* Products */;
					ProjectRef = B81CBEF41AFA8F4600323394 /* Kaa-c.xcodeproj */;
				},
			);
			projectRoot = "";
			targets = (
				B848EC541ACEA43600597B1D /* SmartHouse */,
				B848EC6D1ACEA43600597B1D /* SmartHouseTests */,
			);
		};
/* End PBXProject section */

/* Begin PBXReferenceProxy section */
		B81CBEFE1AFA8F4600323394 /* libkaac.dylib */ = {
			isa = PBXReferenceProxy;
			fileType = "compiled.mach-o.dylib";
			path = libkaac.dylib;
			remoteRef = B81CBEFD1AFA8F4600323394 /* PBXContainerItemProxy */;
			sourceTree = BUILT_PRODUCTS_DIR;
		};
		B81CBF001AFA8F4600323394 /* libkaac_o.a */ = {
			isa = PBXReferenceProxy;
			fileType = archive.ar;
			path = libkaac_o.a;
			remoteRef = B81CBEFF1AFA8F4600323394 /* PBXContainerItemProxy */;
			sourceTree = BUILT_PRODUCTS_DIR;
		};
		B81CBF021AFA8F4600323394 /* libkaac_s.a */ = {
			isa = PBXReferenceProxy;
			fileType = archive.ar;
			path = libkaac_s.a;
			remoteRef = B81CBF011AFA8F4600323394 /* PBXContainerItemProxy */;
			sourceTree = BUILT_PRODUCTS_DIR;
		};
/* End PBXReferenceProxy section */

/* Begin PBXResourcesBuildPhase section */
		B848EC531ACEA43600597B1D /* Resources */ = {
			isa = PBXResourcesBuildPhase;
			buildActionMask = 2147483647;
			files = (
				B8912FF31AF20EB500FFCAAB /* music_white@2x.png in Resources */,
				B8912FF71AF20EB500FFCAAB /* photo_white@2x.png in Resources */,
				B8912FF11AF20EB500FFCAAB /* house.png in Resources */,
				B87B22461AE0F70300B85803 /* Main.storyboard in Resources */,
				B8912FFD1AF20F2500FFCAAB /* logout@2x.png in Resources */,
				B82C904E1ADE5C550079155A /* volume_plus@2x.png in Resources */,
				B8912FFB1AF20F1B00FFCAAB /* logout.png in Resources */,
				B8114F201AEC1E4D0072EFB1 /* menu.png in Resources */,
				B86776C81AF0260C00ED2B03 /* PhotoFrameCell.xib in Resources */,
				B848EC691ACEA43600597B1D /* LaunchScreen.xib in Resources */,
				B82C90501ADE5C550079155A /* volume_minus.png in Resources */,
				B805D8F01AF13A9C00B93666 /* play.png in Resources */,
				B82C904D1ADE5C550079155A /* volume_plus.png in Resources */,
				B86776D11AF02DE900ED2B03 /* play_white.png in Resources */,
				B848EC661ACEA43600597B1D /* Images.xcassets in Resources */,
				B80D80CA1AE6D23400F1C632 /* SlidePaneHeader.xib in Resources */,
				B89130081AF2114600FFCAAB /* settings.png in Resources */,
				B80D80C01AE6C9AD00F1C632 /* no_image.png in Resources */,
				B87B223A1ADE871B00B85803 /* MusicPlayerCell.xib in Resources */,
				B8912FF21AF20EB500FFCAAB /* music_white.png in Resources */,
				B86776CF1AF02BBC00ED2B03 /* PhotoAlbumCell.xib in Resources */,
				B817DAA31AE3FFE2009E4732 /* AlbumCell.xib in Resources */,
				B89130091AF2114600FFCAAB /* settings@2x.png in Resources */,
				B8912FF81AF20EB500FFCAAB /* photo.png in Resources */,
				B8912FF41AF20EB500FFCAAB /* music.png in Resources */,
				B8912FF91AF20EB500FFCAAB /* photo@2x.png in Resources */,
				B83E0D871AF761E60061E1FB /* profile.png in Resources */,
				B805D8F21AF13ABD00B93666 /* pause.png in Resources */,
				B8912FF51AF20EB500FFCAAB /* music@2x.png in Resources */,
				B82C904F1ADE5C550079155A /* volume_minus@2x.png in Resources */,
				B8912FF61AF20EB500FFCAAB /* photo_white.png in Resources */,
				B817DA991AE3C7B4009E4732 /* SongViewCell.xib in Resources */,
				B8114F211AEC1E4D0072EFB1 /* menu@2x.png in Resources */,
			);
			runOnlyForDeploymentPostprocessing = 0;
		};
		B848EC6C1ACEA43600597B1D /* Resources */ = {
			isa = PBXResourcesBuildPhase;
			buildActionMask = 2147483647;
			files = (
			);
			runOnlyForDeploymentPostprocessing = 0;
		};
/* End PBXResourcesBuildPhase section */

/* Begin PBXSourcesBuildPhase section */
		B848EC511ACEA43600597B1D /* Sources */ = {
			isa = PBXSourcesBuildPhase;
			buildActionMask = 2147483647;
			files = (
				B86776D71AF03C8D00ED2B03 /* PhotoFrameStatus.m in Sources */,
				B817DA8B1AE3B9B5009E4732 /* AlbumsViewController.m in Sources */,
				B817DAA21AE3FFE2009E4732 /* AlbumCell.m in Sources */,
				B86776D41AF0371500ED2B03 /* PhotoAlbumInfo.m in Sources */,
				B87B223D1ADF951600B85803 /* MusicPlayer.m in Sources */,
				B81999C61AE4E516004375AC /* Utils.m in Sources */,
				B848EC611ACEA43600597B1D /* MusicViewController.m in Sources */,
				B848EC5E1ACEA43600597B1D /* AppDelegate.m in Sources */,
				B88BC3361AE7A47A003C7BBD /* PlaybackStatus.m in Sources */,
				B8905FA71AEFAC12007E87FE /* PhotoDeviceController.m in Sources */,
				B8417B8B1AD1EAC3006D58C4 /* SWRevealViewController.m in Sources */,
				B88BC32A1AE78BCD003C7BBD /* AlbumInfo.m in Sources */,
				B82C901A1AD7B7B40079155A /* missing_functionality.m in Sources */,
				B8912FE11AF187C400FFCAAB /* PhotoAlbumViewController.m in Sources */,
				B817DA981AE3C7B4009E4732 /* SongViewCell.m in Sources */,
				B86776CE1AF02BBC00ED2B03 /* PhotoAlbumCell.m in Sources */,
				B86776C71AF0260C00ED2B03 /* PhotoFrameCell.m in Sources */,
				B82A72A01AD6784500221CD3 /* MyHouseViewController.m in Sources */,
				B8417B851AD1DAB8006D58C4 /* NavigationViewController.m in Sources */,
				B848EC5B1ACEA43600597B1D /* main.m in Sources */,
				B817DAA61AE457D5009E4732 /* MusicPlayerCell.m in Sources */,
				B88BC3491AEA3D03003C7BBD /* MusicDeviceController.m in Sources */,
				B88BC3331AE7904A003C7BBD /* SongInfo.m in Sources */,
				B8EFBCB01AD54D4F00E490E8 /* LoginViewController.m in Sources */,
				B82D75961AD3FA920010EB43 /* KaaController.m in Sources */,
				B8A7F3811AD2757A002690CE /* PhotoFrameViewController.m in Sources */,
			);
			runOnlyForDeploymentPostprocessing = 0;
		};
		B848EC6A1ACEA43600597B1D /* Sources */ = {
			isa = PBXSourcesBuildPhase;
			buildActionMask = 2147483647;
			files = (
				B848EC751ACEA43600597B1D /* SmartHouseTests.m in Sources */,
			);
			runOnlyForDeploymentPostprocessing = 0;
		};
/* End PBXSourcesBuildPhase section */

/* Begin PBXTargetDependency section */
		B848EC701ACEA43600597B1D /* PBXTargetDependency */ = {
			isa = PBXTargetDependency;
			target = B848EC541ACEA43600597B1D /* SmartHouse */;
			targetProxy = B848EC6F1ACEA43600597B1D /* PBXContainerItemProxy */;
		};
/* End PBXTargetDependency section */

/* Begin PBXVariantGroup section */
		B848EC671ACEA43600597B1D /* LaunchScreen.xib */ = {
			isa = PBXVariantGroup;
			children = (
				B848EC681ACEA43600597B1D /* Base */,
			);
			name = LaunchScreen.xib;
			sourceTree = "<group>";
		};
		B87B22441AE0F70300B85803 /* Main.storyboard */ = {
			isa = PBXVariantGroup;
			children = (
				B87B22451AE0F70300B85803 /* Base */,
			);
			name = Main.storyboard;
			sourceTree = "<group>";
		};
/* End PBXVariantGroup section */

/* Begin XCBuildConfiguration section */
		B848EC761ACEA43600597B1D /* Debug */ = {
			isa = XCBuildConfiguration;
			buildSettings = {
				ALWAYS_SEARCH_USER_PATHS = NO;
				CLANG_CXX_LANGUAGE_STANDARD = "gnu++0x";
				CLANG_CXX_LIBRARY = "libc++";
				CLANG_ENABLE_MODULES = YES;
				CLANG_ENABLE_OBJC_ARC = YES;
				CLANG_WARN_BOOL_CONVERSION = YES;
				CLANG_WARN_CONSTANT_CONVERSION = YES;
				CLANG_WARN_DIRECT_OBJC_ISA_USAGE = YES_ERROR;
				CLANG_WARN_EMPTY_BODY = YES;
				CLANG_WARN_ENUM_CONVERSION = YES;
				CLANG_WARN_INT_CONVERSION = YES;
				CLANG_WARN_OBJC_ROOT_CLASS = YES_ERROR;
				CLANG_WARN_UNREACHABLE_CODE = YES;
				CLANG_WARN__DUPLICATE_METHOD_MATCH = YES;
				"CODE_SIGN_IDENTITY[sdk=iphoneos*]" = "iPhone Developer";
				COPY_PHASE_STRIP = NO;
				ENABLE_STRICT_OBJC_MSGSEND = YES;
				GCC_C_LANGUAGE_STANDARD = gnu99;
				GCC_DYNAMIC_NO_PIC = NO;
				GCC_OPTIMIZATION_LEVEL = 0;
				GCC_PREPROCESSOR_DEFINITIONS = (
					"DEBUG=1",
					"$(inherited)",
				);
				GCC_SYMBOLS_PRIVATE_EXTERN = NO;
				GCC_WARN_64_TO_32_BIT_CONVERSION = YES;
				GCC_WARN_ABOUT_RETURN_TYPE = YES_ERROR;
				GCC_WARN_UNDECLARED_SELECTOR = YES;
				GCC_WARN_UNINITIALIZED_AUTOS = YES_AGGRESSIVE;
				GCC_WARN_UNUSED_FUNCTION = YES;
				GCC_WARN_UNUSED_VARIABLE = YES;
				IPHONEOS_DEPLOYMENT_TARGET = 8.2;
				MTL_ENABLE_DEBUG_INFO = YES;
				ONLY_ACTIVE_ARCH = YES;
				SDKROOT = iphoneos;
				TARGETED_DEVICE_FAMILY = "1,2";
			};
			name = Debug;
		};
		B848EC771ACEA43600597B1D /* Release */ = {
			isa = XCBuildConfiguration;
			buildSettings = {
				ALWAYS_SEARCH_USER_PATHS = NO;
				CLANG_CXX_LANGUAGE_STANDARD = "gnu++0x";
				CLANG_CXX_LIBRARY = "libc++";
				CLANG_ENABLE_MODULES = YES;
				CLANG_ENABLE_OBJC_ARC = YES;
				CLANG_WARN_BOOL_CONVERSION = YES;
				CLANG_WARN_CONSTANT_CONVERSION = YES;
				CLANG_WARN_DIRECT_OBJC_ISA_USAGE = YES_ERROR;
				CLANG_WARN_EMPTY_BODY = YES;
				CLANG_WARN_ENUM_CONVERSION = YES;
				CLANG_WARN_INT_CONVERSION = YES;
				CLANG_WARN_OBJC_ROOT_CLASS = YES_ERROR;
				CLANG_WARN_UNREACHABLE_CODE = YES;
				CLANG_WARN__DUPLICATE_METHOD_MATCH = YES;
				"CODE_SIGN_IDENTITY[sdk=iphoneos*]" = "iPhone Developer";
				COPY_PHASE_STRIP = NO;
				ENABLE_NS_ASSERTIONS = NO;
				ENABLE_STRICT_OBJC_MSGSEND = YES;
				GCC_C_LANGUAGE_STANDARD = gnu99;
				GCC_WARN_64_TO_32_BIT_CONVERSION = YES;
				GCC_WARN_ABOUT_RETURN_TYPE = YES_ERROR;
				GCC_WARN_UNDECLARED_SELECTOR = YES;
				GCC_WARN_UNINITIALIZED_AUTOS = YES_AGGRESSIVE;
				GCC_WARN_UNUSED_FUNCTION = YES;
				GCC_WARN_UNUSED_VARIABLE = YES;
				IPHONEOS_DEPLOYMENT_TARGET = 8.2;
				MTL_ENABLE_DEBUG_INFO = NO;
				SDKROOT = iphoneos;
				TARGETED_DEVICE_FAMILY = "1,2";
				VALIDATE_PRODUCT = YES;
			};
			name = Release;
		};
		B848EC791ACEA43600597B1D /* Debug */ = {
			isa = XCBuildConfiguration;
			buildSettings = {
				ASSETCATALOG_COMPILER_APPICON_NAME = AppIcon;
				ASSETCATALOG_COMPILER_LAUNCHIMAGE_NAME = LaunchImage;
				CODE_SIGN_IDENTITY = "iPhone Developer";
				"CODE_SIGN_IDENTITY[sdk=iphoneos*]" = "iPhone Developer";
				FRAMEWORK_SEARCH_PATHS = (
					"$(inherited)",
					"$(PROJECT_DIR)",
				);
				HEADER_SEARCH_PATHS = (
					"$(inherited)",
					/Applications/Xcode.app/Contents/Developer/Toolchains/XcodeDefault.xctoolchain/usr/include,
					"$(PROJECT_DIR)/include",
				);
				INFOPLIST_FILE = SmartHouse/Info.plist;
				IPHONEOS_DEPLOYMENT_TARGET = 7.0;
				LD_RUNPATH_SEARCH_PATHS = "$(inherited) @executable_path/Frameworks";
				LIBRARY_SEARCH_PATHS = (
					"$(inherited)",
					"$(SDKROOT)/usr/lib/system/introspection",
					"$(SDKROOT)/usr/lib/system",
				);
				OTHER_LDFLAGS = "-ObjC";
				PRODUCT_NAME = "$(TARGET_NAME)";
				PROVISIONING_PROFILE = "";
				TARGETED_DEVICE_FAMILY = 1;
			};
			name = Debug;
		};
		B848EC7A1ACEA43600597B1D /* Release */ = {
			isa = XCBuildConfiguration;
			buildSettings = {
				ASSETCATALOG_COMPILER_APPICON_NAME = AppIcon;
				ASSETCATALOG_COMPILER_LAUNCHIMAGE_NAME = LaunchImage;
				CODE_SIGN_IDENTITY = "iPhone Developer";
				"CODE_SIGN_IDENTITY[sdk=iphoneos*]" = "iPhone Developer";
				FRAMEWORK_SEARCH_PATHS = (
					"$(inherited)",
					"$(PROJECT_DIR)",
				);
				HEADER_SEARCH_PATHS = (
					"$(inherited)",
					/Applications/Xcode.app/Contents/Developer/Toolchains/XcodeDefault.xctoolchain/usr/include,
					"$(PROJECT_DIR)/include",
				);
				INFOPLIST_FILE = SmartHouse/Info.plist;
				IPHONEOS_DEPLOYMENT_TARGET = 7.0;
				LD_RUNPATH_SEARCH_PATHS = "$(inherited) @executable_path/Frameworks";
				LIBRARY_SEARCH_PATHS = (
					"$(inherited)",
					"$(SDKROOT)/usr/lib/system/introspection",
					"$(SDKROOT)/usr/lib/system",
				);
				OTHER_LDFLAGS = "-ObjC";
				PRODUCT_NAME = "$(TARGET_NAME)";
				PROVISIONING_PROFILE = "";
				TARGETED_DEVICE_FAMILY = 1;
			};
			name = Release;
		};
		B848EC7C1ACEA43600597B1D /* Debug */ = {
			isa = XCBuildConfiguration;
			buildSettings = {
				BUNDLE_LOADER = "$(TEST_HOST)";
				FRAMEWORK_SEARCH_PATHS = (
					"$(SDKROOT)/Developer/Library/Frameworks",
					"$(inherited)",
				);
				GCC_PREPROCESSOR_DEFINITIONS = (
					"DEBUG=1",
					"$(inherited)",
				);
				INFOPLIST_FILE = SmartHouseTests/Info.plist;
				LD_RUNPATH_SEARCH_PATHS = "$(inherited) @executable_path/Frameworks @loader_path/Frameworks";
				PRODUCT_NAME = "$(TARGET_NAME)";
				TEST_HOST = "$(BUILT_PRODUCTS_DIR)/SmartHouse.app/SmartHouse";
			};
			name = Debug;
		};
		B848EC7D1ACEA43600597B1D /* Release */ = {
			isa = XCBuildConfiguration;
			buildSettings = {
				BUNDLE_LOADER = "$(TEST_HOST)";
				FRAMEWORK_SEARCH_PATHS = (
					"$(SDKROOT)/Developer/Library/Frameworks",
					"$(inherited)",
				);
				INFOPLIST_FILE = SmartHouseTests/Info.plist;
				LD_RUNPATH_SEARCH_PATHS = "$(inherited) @executable_path/Frameworks @loader_path/Frameworks";
				PRODUCT_NAME = "$(TARGET_NAME)";
				TEST_HOST = "$(BUILT_PRODUCTS_DIR)/SmartHouse.app/SmartHouse";
			};
			name = Release;
		};
/* End XCBuildConfiguration section */

/* Begin XCConfigurationList section */
		B848EC501ACEA43600597B1D /* Build configuration list for PBXProject "SmartHouse" */ = {
			isa = XCConfigurationList;
			buildConfigurations = (
				B848EC761ACEA43600597B1D /* Debug */,
				B848EC771ACEA43600597B1D /* Release */,
			);
			defaultConfigurationIsVisible = 0;
			defaultConfigurationName = Release;
		};
		B848EC781ACEA43600597B1D /* Build configuration list for PBXNativeTarget "SmartHouse" */ = {
			isa = XCConfigurationList;
			buildConfigurations = (
				B848EC791ACEA43600597B1D /* Debug */,
				B848EC7A1ACEA43600597B1D /* Release */,
			);
			defaultConfigurationIsVisible = 0;
			defaultConfigurationName = Release;
		};
		B848EC7B1ACEA43600597B1D /* Build configuration list for PBXNativeTarget "SmartHouseTests" */ = {
			isa = XCConfigurationList;
			buildConfigurations = (
				B848EC7C1ACEA43600597B1D /* Debug */,
				B848EC7D1ACEA43600597B1D /* Release */,
			);
			defaultConfigurationIsVisible = 0;
			defaultConfigurationName = Release;
		};
/* End XCConfigurationList section */
	};
	rootObject = B848EC4D1ACEA43600597B1D /* Project object */;
}
